dependencies:
  espressif/ds18b20:
    component_hash: d1e277cbc765de715ad2a14b1f61d4e9415bf9e3ebde0da6b3f577164ddd7fe4
    source:
      service_url: https://api.components.espressif.com/
      type: service
    version: 0.1.0
  espressif/onewire_bus:
    component_hash: 4da8596055cfe301370c0bb2aa716e65dc3b7148e64f84bcc9f76693b3a32aa9
    source:
      service_url: https://api.components.espressif.com/
      type: service
    version: 1.0.1
  espressif__ssd1306:
    component_hash: null
    source:
      path: D:\CODING\ESP-IDF\temp_station_t3s3\components\espressif__ssd1306
      type: local
    version: 1.0.5
  idf:
    component_hash: null
    source:
      type: idf
    version: 5.1.2
manifest_hash: 0617e5940e8e670191ee0d27679444455d3ca59846a92103a244c2ea19cc3950
target: esp32s3
version: 1.0.0
